
Microsoft Visual Studio Solution File, Format Version 12.00
# Visual Studio 15
VisualStudioVersion = 15.0.27130.2036
MinimumVisualStudioVersion = 10.0.40219.1
Project("{9A19103F-16F7-4668-BE54-9A1E7A4F7556}") = "Cron", "Cron\Cron.csproj", "{6FB7E7F6-DC4D-4B44-BDC3-5BAAD2B0B93F}"
EndProject
Project("{9A19103F-16F7-4668-BE54-9A1E7A4F7556}") = "Cron.Test", "Cron.Test\Cron.Test.csproj", "{EAE20331-75D4-4FD8-ACC7-D2FA2F40752E}"
EndProject
Project("{FAE04EC0-301F-11D3-BF4B-00C04F79EFBC}") = "Cron.Console", "Cron.Console\Cron.Console.csproj", "{DE64BAC0-E56F-4DF8-9845-2CB2537E6A3E}"
EndProject
Global
	GlobalSection(SolutionConfigurationPlatforms) = preSolution
		Debug|Any CPU = Debug|Any CPU
		Release|Any CPU = Release|Any CPU
	EndGlobalSection
	GlobalSection(ProjectConfigurationPlatforms) = postSolution
		{6FB7E7F6-DC4D-4B44-BDC3-5BAAD2B0B93F}.Debug|Any CPU.ActiveCfg = Debug|Any CPU
		{6FB7E7F6-DC4D-4B44-BDC3-5BAAD2B0B93F}.Debug|Any CPU.Build.0 = Debug|Any CPU
		{6FB7E7F6-DC4D-4B44-BDC3-5BAAD2B0B93F}.Release|Any CPU.ActiveCfg = Release|Any CPU
		{6FB7E7F6-DC4D-4B44-BDC3-5BAAD2B0B93F}.Release|Any CPU.Build.0 = Release|Any CPU
		{EAE20331-75D4-4FD8-ACC7-D2FA2F40752E}.Debug|Any CPU.ActiveCfg = Debug|Any CPU
		{EAE20331-75D4-4FD8-ACC7-D2FA2F40752E}.Debug|Any CPU.Build.0 = Debug|Any CPU
		{EAE20331-75D4-4FD8-ACC7-D2FA2F40752E}.Release|Any CPU.ActiveCfg = Release|Any CPU
		{EAE20331-75D4-4FD8-ACC7-D2FA2F40752E}.Release|Any CPU.Build.0 = Release|Any CPU
		{DE64BAC0-E56F-4DF8-9845-2CB2537E6A3E}.Debug|Any CPU.ActiveCfg = Debug|Any CPU
		{DE64BAC0-E56F-4DF8-9845-2CB2537E6A3E}.Debug|Any CPU.Build.0 = Debug|Any CPU
		{DE64BAC0-E56F-4DF8-9845-2CB2537E6A3E}.Release|Any CPU.ActiveCfg = Release|Any CPU
		{DE64BAC0-E56F-4DF8-9845-2CB2537E6A3E}.Release|Any CPU.Build.0 = Release|Any CPU
	EndGlobalSection
	GlobalSection(SolutionProperties) = preSolution
		HideSolutionNode = FALSE
	EndGlobalSection
	GlobalSection(ExtensibilityGlobals) = postSolution
		SolutionGuid = {D8413EE9-08D1-4F60-8B16-90A76E42D75B}
	EndGlobalSection
EndGlobal
